
Microsoft Visual Studio Solution File, Format Version 12.00
# Visual Studio Version 17
VisualStudioVersion = 17.9.34607.119
MinimumVisualStudioVersion = 10.0.40219.1
Project("{9A19103F-16F7-4668-BE54-9A1E7A4F7556}") = "QuickStart", "QuickStart\QuickStart.csproj", "{B1ADED33-677F-4661-9C5E-3B57F5A8E087}"
EndProject
Project("{FAE04EC0-301F-11D3-BF4B-00C04F79EFBC}") = "Contracts", "Contracts\Contracts.csproj", "{9CA344A9-6E96-4535-9B1B-918F10E135E5}"
EndProject
Project("{FAE04EC0-301F-11D3-BF4B-00C04F79EFBC}") = "Entities", "Entities\Entities.csproj", "{10D2C57F-A8E8-4B57-98F7-D8A71A656D1F}"
EndProject
Project("{FAE04EC0-301F-11D3-BF4B-00C04F79EFBC}") = "LoggerService", "LoggerService\LoggerService.csproj", "{84B7C5F7-B7B0-467E-A08E-A50917FA4F56}"
EndProject
Project("{FAE04EC0-301F-11D3-BF4B-00C04F79EFBC}") = "QuickStart.Presentation", "QuickStart.Presentation\QuickStart.Presentation.csproj", "{D41F36EF-2205-49CF-8AC6-67804DF84DAE}"
EndProject
Project("{FAE04EC0-301F-11D3-BF4B-00C04F79EFBC}") = "Repository", "Repository\Repository.csproj", "{8E96E210-C24A-4523-A005-63CC61A10EC9}"
EndProject
Project("{FAE04EC0-301F-11D3-BF4B-00C04F79EFBC}") = "Service", "Service\Service.csproj", "{9286E93B-0309-46F4-B191-7A209E01FCAA}"
EndProject
Project("{FAE04EC0-301F-11D3-BF4B-00C04F79EFBC}") = "Service.Contracts", "Service.Contracts\Service.Contracts.csproj", "{B774B8D6-DC28-4C7A-A535-D33C8D87A2B2}"
EndProject
Project("{FAE04EC0-301F-11D3-BF4B-00C04F79EFBC}") = "Shared", "Shared\Shared.csproj", "{64B6B4B4-3787-42F8-B07A-D22DF823AB2F}"
EndProject
Global
	GlobalSection(SolutionConfigurationPlatforms) = preSolution
		Debug|Any CPU = Debug|Any CPU
		Release|Any CPU = Release|Any CPU
	EndGlobalSection
	GlobalSection(ProjectConfigurationPlatforms) = postSolution
		{B1ADED33-677F-4661-9C5E-3B57F5A8E087}.Debug|Any CPU.ActiveCfg = Debug|Any CPU
		{B1ADED33-677F-4661-9C5E-3B57F5A8E087}.Debug|Any CPU.Build.0 = Debug|Any CPU
		{B1ADED33-677F-4661-9C5E-3B57F5A8E087}.Release|Any CPU.ActiveCfg = Release|Any CPU
		{B1ADED33-677F-4661-9C5E-3B57F5A8E087}.Release|Any CPU.Build.0 = Release|Any CPU
		{9CA344A9-6E96-4535-9B1B-918F10E135E5}.Debug|Any CPU.ActiveCfg = Debug|Any CPU
		{9CA344A9-6E96-4535-9B1B-918F10E135E5}.Debug|Any CPU.Build.0 = Debug|Any CPU
		{9CA344A9-6E96-4535-9B1B-918F10E135E5}.Release|Any CPU.ActiveCfg = Release|Any CPU
		{9CA344A9-6E96-4535-9B1B-918F10E135E5}.Release|Any CPU.Build.0 = Release|Any CPU
		{10D2C57F-A8E8-4B57-98F7-D8A71A656D1F}.Debug|Any CPU.ActiveCfg = Debug|Any CPU
		{10D2C57F-A8E8-4B57-98F7-D8A71A656D1F}.Debug|Any CPU.Build.0 = Debug|Any CPU
		{10D2C57F-A8E8-4B57-98F7-D8A71A656D1F}.Release|Any CPU.ActiveCfg = Release|Any CPU
		{10D2C57F-A8E8-4B57-98F7-D8A71A656D1F}.Release|Any CPU.Build.0 = Release|Any CPU
		{84B7C5F7-B7B0-467E-A08E-A50917FA4F56}.Debug|Any CPU.ActiveCfg = Debug|Any CPU
		{84B7C5F7-B7B0-467E-A08E-A50917FA4F56}.Debug|Any CPU.Build.0 = Debug|Any CPU
		{84B7C5F7-B7B0-467E-A08E-A50917FA4F56}.Release|Any CPU.ActiveCfg = Release|Any CPU
		{84B7C5F7-B7B0-467E-A08E-A50917FA4F56}.Release|Any CPU.Build.0 = Release|Any CPU
		{D41F36EF-2205-49CF-8AC6-67804DF84DAE}.Debug|Any CPU.ActiveCfg = Debug|Any CPU
		{D41F36EF-2205-49CF-8AC6-67804DF84DAE}.Debug|Any CPU.Build.0 = Debug|Any CPU
		{D41F36EF-2205-49CF-8AC6-67804DF84DAE}.Release|Any CPU.ActiveCfg = Release|Any CPU
		{D41F36EF-2205-49CF-8AC6-67804DF84DAE}.Release|Any CPU.Build.0 = Release|Any CPU
		{8E96E210-C24A-4523-A005-63CC61A10EC9}.Debug|Any CPU.ActiveCfg = Debug|Any CPU
		{8E96E210-C24A-4523-A005-63CC61A10EC9}.Debug|Any CPU.Build.0 = Debug|Any CPU
		{8E96E210-C24A-4523-A005-63CC61A10EC9}.Release|Any CPU.ActiveCfg = Release|Any CPU
		{8E96E210-C24A-4523-A005-63CC61A10EC9}.Release|Any CPU.Build.0 = Release|Any CPU
		{9286E93B-0309-46F4-B191-7A209E01FCAA}.Debug|Any CPU.ActiveCfg = Debug|Any CPU
		{9286E93B-0309-46F4-B191-7A209E01FCAA}.Debug|Any CPU.Build.0 = Debug|Any CPU
		{9286E93B-0309-46F4-B191-7A209E01FCAA}.Release|Any CPU.ActiveCfg = Release|Any CPU
		{9286E93B-0309-46F4-B191-7A209E01FCAA}.Release|Any CPU.Build.0 = Release|Any CPU
		{B774B8D6-DC28-4C7A-A535-D33C8D87A2B2}.Debug|Any CPU.ActiveCfg = Debug|Any CPU
		{B774B8D6-DC28-4C7A-A535-D33C8D87A2B2}.Debug|Any CPU.Build.0 = Debug|Any CPU
		{B774B8D6-DC28-4C7A-A535-D33C8D87A2B2}.Release|Any CPU.ActiveCfg = Release|Any CPU
		{B774B8D6-DC28-4C7A-A535-D33C8D87A2B2}.Release|Any CPU.Build.0 = Release|Any CPU
		{64B6B4B4-3787-42F8-B07A-D22DF823AB2F}.Debug|Any CPU.ActiveCfg = Debug|Any CPU
		{64B6B4B4-3787-42F8-B07A-D22DF823AB2F}.Debug|Any CPU.Build.0 = Debug|Any CPU
		{64B6B4B4-3787-42F8-B07A-D22DF823AB2F}.Release|Any CPU.ActiveCfg = Release|Any CPU
		{64B6B4B4-3787-42F8-B07A-D22DF823AB2F}.Release|Any CPU.Build.0 = Release|Any CPU
	EndGlobalSection
	GlobalSection(SolutionProperties) = preSolution
		HideSolutionNode = FALSE
	EndGlobalSection
	GlobalSection(ExtensibilityGlobals) = postSolution
		SolutionGuid = {DC6A4D8F-2A52-4327-B202-9B40CF04FCD7}
	EndGlobalSection
EndGlobal
